
Microsoft Visual Studio Solution File, Format Version 12.00
# Visual Studio Version 16
VisualStudioVersion = 16.0.29123.88
MinimumVisualStudioVersion = 10.0.40219.1
Project("{2150E333-8FDC-42A3-9474-1A3956D46DE8}") = "Tests", "Tests", "{6E6D0936-80AB-4C23-A4A7-FFF1E828F576}"
EndProject
Project("{2150E333-8FDC-42A3-9474-1A3956D46DE8}") = "Presentation", "Presentation", "{A09D2E98-98AC-41E5-BC77-D9B14FD774D8}"
EndProject
Project("{FAE04EC0-301F-11D3-BF4B-00C04F79EFBC}") = "Ajf.NsDataEntry.Web", "Ajf.NsDataEntry.Web\Ajf.NsDataEntry.Web.csproj", "{88E4CA11-86D6-41F8-8165-D534867B0EEF}"
EndProject
Global
	GlobalSection(SolutionConfigurationPlatforms) = preSolution
		Debug|Any CPU = Debug|Any CPU
		Release|Any CPU = Release|Any CPU
	EndGlobalSection
	GlobalSection(ProjectConfigurationPlatforms) = postSolution
		{88E4CA11-86D6-41F8-8165-D534867B0EEF}.Debug|Any CPU.ActiveCfg = Debug|Any CPU
		{88E4CA11-86D6-41F8-8165-D534867B0EEF}.Debug|Any CPU.Build.0 = Debug|Any CPU
		{88E4CA11-86D6-41F8-8165-D534867B0EEF}.Release|Any CPU.ActiveCfg = Release|Any CPU
		{88E4CA11-86D6-41F8-8165-D534867B0EEF}.Release|Any CPU.Build.0 = Release|Any CPU
	EndGlobalSection
	GlobalSection(SolutionProperties) = preSolution
		HideSolutionNode = FALSE
	EndGlobalSection
	GlobalSection(NestedProjects) = preSolution
		{88E4CA11-86D6-41F8-8165-D534867B0EEF} = {A09D2E98-98AC-41E5-BC77-D9B14FD774D8}
	EndGlobalSection
	GlobalSection(ExtensibilityGlobals) = postSolution
		SolutionGuid = {6B219D43-4231-4CEF-B794-258732C598C1}
	EndGlobalSection
EndGlobal
